// !$*UTF8*$!
{
	archiveVersion = 1;
	classes = {
	};
	objectVersion = 46;
	objects = {

/* Begin PBXBuildFile section */
		96198D8615310737009222BF /* PuzzleOptionManager.m in Sources */ = {isa = PBXBuildFile; fileRef = 96198D8515310737009222BF /* PuzzleOptionManager.m */; };
		96198D9515310AF7009222BF /* BlockActionSheet.m in Sources */ = {isa = PBXBuildFile; fileRef = 96198D8E15310AF7009222BF /* BlockActionSheet.m */; };
		96198D9615310AF7009222BF /* BlockAlertView.m in Sources */ = {isa = PBXBuildFile; fileRef = 96198D9015310AF7009222BF /* BlockAlertView.m */; };
		96198D9715310AF7009222BF /* BlockBackground.m in Sources */ = {isa = PBXBuildFile; fileRef = 96198D9215310AF7009222BF /* BlockBackground.m */; };
		96198D9815310AF7009222BF /* BlockTextPromptAlertView.m in Sources */ = {isa = PBXBuildFile; fileRef = 96198D9415310AF7009222BF /* BlockTextPromptAlertView.m */; };
		96198DB915310B74009222BF /* action-black-button-selected.png in Resources */ = {isa = PBXBuildFile; fileRef = 96198D9C15310B74009222BF /* action-black-button-selected.png */; };
		96198DBA15310B74009222BF /* action-black-button-selected@2x.png in Resources */ = {isa = PBXBuildFile; fileRef = 96198D9D15310B74009222BF /* action-black-button-selected@2x.png */; };
		96198DBB15310B74009222BF /* action-black-button.png in Resources */ = {isa = PBXBuildFile; fileRef = 96198D9E15310B74009222BF /* action-black-button.png */; };
		96198DBC15310B74009222BF /* action-black-button@2x.png in Resources */ = {isa = PBXBuildFile; fileRef = 96198D9F15310B74009222BF /* action-black-button@2x.png */; };
		96198DBD15310B74009222BF /* action-gray-button-selected.png in Resources */ = {isa = PBXBuildFile; fileRef = 96198DA015310B74009222BF /* action-gray-button-selected.png */; };
		96198DBE15310B74009222BF /* action-gray-button-selected@2x.png in Resources */ = {isa = PBXBuildFile; fileRef = 96198DA115310B74009222BF /* action-gray-button-selected@2x.png */; };
		96198DBF15310B74009222BF /* action-gray-button.png in Resources */ = {isa = PBXBuildFile; fileRef = 96198DA215310B74009222BF /* action-gray-button.png */; };
		96198DC015310B74009222BF /* action-gray-button@2x.png in Resources */ = {isa = PBXBuildFile; fileRef = 96198DA315310B74009222BF /* action-gray-button@2x.png */; };
		96198DC115310B74009222BF /* action-red-button-selected.png in Resources */ = {isa = PBXBuildFile; fileRef = 96198DA415310B74009222BF /* action-red-button-selected.png */; };
		96198DC215310B74009222BF /* action-red-button-selected@2x.png in Resources */ = {isa = PBXBuildFile; fileRef = 96198DA515310B74009222BF /* action-red-button-selected@2x.png */; };
		96198DC315310B74009222BF /* action-red-button.png in Resources */ = {isa = PBXBuildFile; fileRef = 96198DA615310B74009222BF /* action-red-button.png */; };
		96198DC415310B74009222BF /* action-red-button@2x.png in Resources */ = {isa = PBXBuildFile; fileRef = 96198DA715310B74009222BF /* action-red-button@2x.png */; };
		96198DC515310B74009222BF /* action-sheet-panel.png in Resources */ = {isa = PBXBuildFile; fileRef = 96198DA815310B74009222BF /* action-sheet-panel.png */; };
		96198DC615310B74009222BF /* action-sheet-panel@2x.png in Resources */ = {isa = PBXBuildFile; fileRef = 96198DA915310B74009222BF /* action-sheet-panel@2x.png */; };
		96198DC715310B74009222BF /* alert-black-button.png in Resources */ = {isa = PBXBuildFile; fileRef = 96198DAB15310B74009222BF /* alert-black-button.png */; };
		96198DC815310B74009222BF /* alert-black-button@2x.png in Resources */ = {isa = PBXBuildFile; fileRef = 96198DAC15310B74009222BF /* alert-black-button@2x.png */; };
		96198DC915310B74009222BF /* alert-gray-button.png in Resources */ = {isa = PBXBuildFile; fileRef = 96198DAD15310B74009222BF /* alert-gray-button.png */; };
		96198DCA15310B74009222BF /* alert-gray-button@2x.png in Resources */ = {isa = PBXBuildFile; fileRef = 96198DAE15310B74009222BF /* alert-gray-button@2x.png */; };
		96198DCB15310B74009222BF /* alert-red-button.png in Resources */ = {isa = PBXBuildFile; fileRef = 96198DAF15310B74009222BF /* alert-red-button.png */; };
		96198DCC15310B74009222BF /* alert-red-button@2x.png in Resources */ = {isa = PBXBuildFile; fileRef = 96198DB015310B74009222BF /* alert-red-button@2x.png */; };
		96198DCD15310B74009222BF /* alert-window.png in Resources */ = {isa = PBXBuildFile; fileRef = 96198DB115310B74009222BF /* alert-window.png */; };
		96198DCE15310B74009222BF /* alert-window@2x.png in Resources */ = {isa = PBXBuildFile; fileRef = 96198DB215310B74009222BF /* alert-window@2x.png */; };
		96198DDA15311504009222BF /* MobileCoreServices.framework in Frameworks */ = {isa = PBXBuildFile; fileRef = 96198DD915311503009222BF /* MobileCoreServices.framework */; };
		965A7CAF152A1E20002E7459 /* UIKit.framework in Frameworks */ = {isa = PBXBuildFile; fileRef = 965A7CAE152A1E20002E7459 /* UIKit.framework */; };
		965A7CB1152A1E20002E7459 /* Foundation.framework in Frameworks */ = {isa = PBXBuildFile; fileRef = 965A7CB0152A1E20002E7459 /* Foundation.framework */; };
		965A7CB3152A1E20002E7459 /* CoreGraphics.framework in Frameworks */ = {isa = PBXBuildFile; fileRef = 965A7CB2152A1E20002E7459 /* CoreGraphics.framework */; };
		965A7CB9152A1E20002E7459 /* InfoPlist.strings in Resources */ = {isa = PBXBuildFile; fileRef = 965A7CB7152A1E20002E7459 /* InfoPlist.strings */; };
		965A7CBB152A1E20002E7459 /* main.m in Sources */ = {isa = PBXBuildFile; fileRef = 965A7CBA152A1E20002E7459 /* main.m */; };
		965A7CBF152A1E21002E7459 /* AppDelegate.m in Sources */ = {isa = PBXBuildFile; fileRef = 965A7CBE152A1E21002E7459 /* AppDelegate.m */; };
		965A7CC8152A1E4F002E7459 /* RootViewController.m in Sources */ = {isa = PBXBuildFile; fileRef = 965A7CC6152A1E4F002E7459 /* RootViewController.m */; };
		965A7CC9152A1E4F002E7459 /* RootViewController.xib in Resources */ = {isa = PBXBuildFile; fileRef = 965A7CC7152A1E4F002E7459 /* RootViewController.xib */; };
		965A7CCC152A1EBF002E7459 /* BlockView.m in Sources */ = {isa = PBXBuildFile; fileRef = 965A7CCB152A1EBF002E7459 /* BlockView.m */; };
		965A7CD0152A2A78002E7459 /* UIE_Slider_Puzzle--globe.jpg in Resources */ = {isa = PBXBuildFile; fileRef = 965A7CCE152A2A78002E7459 /* UIE_Slider_Puzzle--globe.jpg */; };
		965A7CD1152A2A78002E7459 /* UIE_Slider_Puzzle--slider.jpg in Resources */ = {isa = PBXBuildFile; fileRef = 965A7CCF152A2A78002E7459 /* UIE_Slider_Puzzle--slider.jpg */; };
		9697A701152B4669000A20B3 /* libTestFlight.a in Frameworks */ = {isa = PBXBuildFile; fileRef = 9697A6FD152B4669000A20B3 /* libTestFlight.a */; };
		9697A705152B468E000A20B3 /* SystemConfiguration.framework in Frameworks */ = {isa = PBXBuildFile; fileRef = 9697A704152B468E000A20B3 /* SystemConfiguration.framework */; };
		9697A707152B46EF000A20B3 /* libz.dylib in Frameworks */ = {isa = PBXBuildFile; fileRef = 9697A706152B46EF000A20B3 /* libz.dylib */; };
/* End PBXBuildFile section */

/* Begin PBXFileReference section */
		96198D8415310737009222BF /* PuzzleOptionManager.h */ = {isa = PBXFileReference; fileEncoding = 4; lastKnownFileType = sourcecode.c.h; path = PuzzleOptionManager.h; sourceTree = "<group>"; };
		96198D8515310737009222BF /* PuzzleOptionManager.m */ = {isa = PBXFileReference; fileEncoding = 4; lastKnownFileType = sourcecode.c.objc; path = PuzzleOptionManager.m; sourceTree = "<group>"; };
		96198D8D15310AF7009222BF /* BlockActionSheet.h */ = {isa = PBXFileReference; fileEncoding = 4; lastKnownFileType = sourcecode.c.h; name = BlockActionSheet.h; path = "Library/BlockAlertsAnd-ActionSheets/BlockAlertsDemo/ToAddToYourProjects/BlockActionSheet.h"; sourceTree = "<group>"; };
		96198D8E15310AF7009222BF /* BlockActionSheet.m */ = {isa = PBXFileReference; fileEncoding = 4; lastKnownFileType = sourcecode.c.objc; name = BlockActionSheet.m; path = "Library/BlockAlertsAnd-ActionSheets/BlockAlertsDemo/ToAddToYourProjects/BlockActionSheet.m"; sourceTree = "<group>"; };
		96198D8F15310AF7009222BF /* BlockAlertView.h */ = {isa = PBXFileReference; fileEncoding = 4; lastKnownFileType = sourcecode.c.h; name = BlockAlertView.h; path = "Library/BlockAlertsAnd-ActionSheets/BlockAlertsDemo/ToAddToYourProjects/BlockAlertView.h"; sourceTree = "<group>"; };
		96198D9015310AF7009222BF /* BlockAlertView.m */ = {isa = PBXFileReference; fileEncoding = 4; lastKnownFileType = sourcecode.c.objc; name = BlockAlertView.m; path = "Library/BlockAlertsAnd-ActionSheets/BlockAlertsDemo/ToAddToYourProjects/BlockAlertView.m"; sourceTree = "<group>"; };
		96198D9115310AF7009222BF /* BlockBackground.h */ = {isa = PBXFileReference; fileEncoding = 4; lastKnownFileType = sourcecode.c.h; name = BlockBackground.h; path = "Library/BlockAlertsAnd-ActionSheets/BlockAlertsDemo/ToAddToYourProjects/BlockBackground.h"; sourceTree = "<group>"; };
		96198D9215310AF7009222BF /* BlockBackground.m */ = {isa = PBXFileReference; fileEncoding = 4; lastKnownFileType = sourcecode.c.objc; name = BlockBackground.m; path = "Library/BlockAlertsAnd-ActionSheets/BlockAlertsDemo/ToAddToYourProjects/BlockBackground.m"; sourceTree = "<group>"; };
		96198D9315310AF7009222BF /* BlockTextPromptAlertView.h */ = {isa = PBXFileReference; fileEncoding = 4; lastKnownFileType = sourcecode.c.h; name = BlockTextPromptAlertView.h; path = "Library/BlockAlertsAnd-ActionSheets/BlockAlertsDemo/ToAddToYourProjects/BlockTextPromptAlertView.h"; sourceTree = "<group>"; };
		96198D9415310AF7009222BF /* BlockTextPromptAlertView.m */ = {isa = PBXFileReference; fileEncoding = 4; lastKnownFileType = sourcecode.c.objc; name = BlockTextPromptAlertView.m; path = "Library/BlockAlertsAnd-ActionSheets/BlockAlertsDemo/ToAddToYourProjects/BlockTextPromptAlertView.m"; sourceTree = "<group>"; };
		96198D9915310B24009222BF /* BlockUI.h */ = {isa = PBXFileReference; fileEncoding = 4; lastKnownFileType = sourcecode.c.h; name = BlockUI.h; path = "Library/BlockAlertsAnd-ActionSheets/BlockAlertsDemo/ProjectSpecific/BlockUI.h"; sourceTree = "<group>"; };
		96198D9C15310B74009222BF /* action-black-button-selected.png */ = {isa = PBXFileReference; lastKnownFileType = image.png; path = "action-black-button-selected.png"; sourceTree = "<group>"; };
		96198D9D15310B74009222BF /* action-black-button-selected@2x.png */ = {isa = PBXFileReference; lastKnownFileType = image.png; path = "action-black-button-selected@2x.png"; sourceTree = "<group>"; };
		96198D9E15310B74009222BF /* action-black-button.png */ = {isa = PBXFileReference; lastKnownFileType = image.png; path = "action-black-button.png"; sourceTree = "<group>"; };
		96198D9F15310B74009222BF /* action-black-button@2x.png */ = {isa = PBXFileReference; lastKnownFileType = image.png; path = "action-black-button@2x.png"; sourceTree = "<group>"; };
		96198DA015310B74009222BF /* action-gray-button-selected.png */ = {isa = PBXFileReference; lastKnownFileType = image.png; path = "action-gray-button-selected.png"; sourceTree = "<group>"; };
		96198DA115310B74009222BF /* action-gray-button-selected@2x.png */ = {isa = PBXFileReference; lastKnownFileType = image.png; path = "action-gray-button-selected@2x.png"; sourceTree = "<group>"; };
		96198DA215310B74009222BF /* action-gray-button.png */ = {isa = PBXFileReference; lastKnownFileType = image.png; path = "action-gray-button.png"; sourceTree = "<group>"; };
		96198DA315310B74009222BF /* action-gray-button@2x.png */ = {isa = PBXFileReference; lastKnownFileType = image.png; path = "action-gray-button@2x.png"; sourceTree = "<group>"; };
		96198DA415310B74009222BF /* action-red-button-selected.png */ = {isa = PBXFileReference; lastKnownFileType = image.png; path = "action-red-button-selected.png"; sourceTree = "<group>"; };
		96198DA515310B74009222BF /* action-red-button-selected@2x.png */ = {isa = PBXFileReference; lastKnownFileType = image.png; path = "action-red-button-selected@2x.png"; sourceTree = "<group>"; };
		96198DA615310B74009222BF /* action-red-button.png */ = {isa = PBXFileReference; lastKnownFileType = image.png; path = "action-red-button.png"; sourceTree = "<group>"; };
		96198DA715310B74009222BF /* action-red-button@2x.png */ = {isa = PBXFileReference; lastKnownFileType = image.png; path = "action-red-button@2x.png"; sourceTree = "<group>"; };
		96198DA815310B74009222BF /* action-sheet-panel.png */ = {isa = PBXFileReference; lastKnownFileType = image.png; path = "action-sheet-panel.png"; sourceTree = "<group>"; };
		96198DA915310B74009222BF /* action-sheet-panel@2x.png */ = {isa = PBXFileReference; lastKnownFileType = image.png; path = "action-sheet-panel@2x.png"; sourceTree = "<group>"; };
		96198DAB15310B74009222BF /* alert-black-button.png */ = {isa = PBXFileReference; lastKnownFileType = image.png; path = "alert-black-button.png"; sourceTree = "<group>"; };
		96198DAC15310B74009222BF /* alert-black-button@2x.png */ = {isa = PBXFileReference; lastKnownFileType = image.png; path = "alert-black-button@2x.png"; sourceTree = "<group>"; };
		96198DAD15310B74009222BF /* alert-gray-button.png */ = {isa = PBXFileReference; lastKnownFileType = image.png; path = "alert-gray-button.png"; sourceTree = "<group>"; };
		96198DAE15310B74009222BF /* alert-gray-button@2x.png */ = {isa = PBXFileReference; lastKnownFileType = image.png; path = "alert-gray-button@2x.png"; sourceTree = "<group>"; };
		96198DAF15310B74009222BF /* alert-red-button.png */ = {isa = PBXFileReference; lastKnownFileType = image.png; path = "alert-red-button.png"; sourceTree = "<group>"; };
		96198DB015310B74009222BF /* alert-red-button@2x.png */ = {isa = PBXFileReference; lastKnownFileType = image.png; path = "alert-red-button@2x.png"; sourceTree = "<group>"; };
		96198DB115310B74009222BF /* alert-window.png */ = {isa = PBXFileReference; lastKnownFileType = image.png; path = "alert-window.png"; sourceTree = "<group>"; };
		96198DB215310B74009222BF /* alert-window@2x.png */ = {isa = PBXFileReference; lastKnownFileType = image.png; path = "alert-window@2x.png"; sourceTree = "<group>"; };
		96198DD915311503009222BF /* MobileCoreServices.framework */ = {isa = PBXFileReference; lastKnownFileType = wrapper.framework; name = MobileCoreServices.framework; path = System/Library/Frameworks/MobileCoreServices.framework; sourceTree = SDKROOT; };
		965A7CAA152A1E20002E7459 /* Puzzle.app */ = {isa = PBXFileReference; explicitFileType = wrapper.application; includeInIndex = 0; path = Puzzle.app; sourceTree = BUILT_PRODUCTS_DIR; };
		965A7CAE152A1E20002E7459 /* UIKit.framework */ = {isa = PBXFileReference; lastKnownFileType = wrapper.framework; name = UIKit.framework; path = System/Library/Frameworks/UIKit.framework; sourceTree = SDKROOT; };
		965A7CB0152A1E20002E7459 /* Foundation.framework */ = {isa = PBXFileReference; lastKnownFileType = wrapper.framework; name = Foundation.framework; path = System/Library/Frameworks/Foundation.framework; sourceTree = SDKROOT; };
		965A7CB2152A1E20002E7459 /* CoreGraphics.framework */ = {isa = PBXFileReference; lastKnownFileType = wrapper.framework; name = CoreGraphics.framework; path = System/Library/Frameworks/CoreGraphics.framework; sourceTree = SDKROOT; };
		965A7CB6152A1E20002E7459 /* Puzzle-Info.plist */ = {isa = PBXFileReference; lastKnownFileType = text.plist.xml; path = "Puzzle-Info.plist"; sourceTree = "<group>"; };
		965A7CB8152A1E20002E7459 /* en */ = {isa = PBXFileReference; lastKnownFileType = text.plist.strings; name = en; path = en.lproj/InfoPlist.strings; sourceTree = "<group>"; };
		965A7CBA152A1E20002E7459 /* main.m */ = {isa = PBXFileReference; lastKnownFileType = sourcecode.c.objc; path = main.m; sourceTree = "<group>"; };
		965A7CBC152A1E20002E7459 /* Puzzle-Prefix.pch */ = {isa = PBXFileReference; lastKnownFileType = sourcecode.c.h; path = "Puzzle-Prefix.pch"; sourceTree = "<group>"; };
		965A7CBD152A1E21002E7459 /* AppDelegate.h */ = {isa = PBXFileReference; lastKnownFileType = sourcecode.c.h; path = AppDelegate.h; sourceTree = "<group>"; };
		965A7CBE152A1E21002E7459 /* AppDelegate.m */ = {isa = PBXFileReference; lastKnownFileType = sourcecode.c.objc; path = AppDelegate.m; sourceTree = "<group>"; };
		965A7CC5152A1E4F002E7459 /* RootViewController.h */ = {isa = PBXFileReference; fileEncoding = 4; lastKnownFileType = sourcecode.c.h; path = RootViewController.h; sourceTree = "<group>"; };
		965A7CC6152A1E4F002E7459 /* RootViewController.m */ = {isa = PBXFileReference; fileEncoding = 4; lastKnownFileType = sourcecode.c.objc; path = RootViewController.m; sourceTree = "<group>"; };
		965A7CC7152A1E4F002E7459 /* RootViewController.xib */ = {isa = PBXFileReference; fileEncoding = 4; lastKnownFileType = file.xib; path = RootViewController.xib; sourceTree = "<group>"; };
		965A7CCA152A1EBF002E7459 /* BlockView.h */ = {isa = PBXFileReference; fileEncoding = 4; lastKnownFileType = sourcecode.c.h; path = BlockView.h; sourceTree = "<group>"; };
		965A7CCB152A1EBF002E7459 /* BlockView.m */ = {isa = PBXFileReference; fileEncoding = 4; lastKnownFileType = sourcecode.c.objc; path = BlockView.m; sourceTree = "<group>"; };
		965A7CCE152A2A78002E7459 /* UIE_Slider_Puzzle--globe.jpg */ = {isa = PBXFileReference; lastKnownFileType = image.jpeg; path = "UIE_Slider_Puzzle--globe.jpg"; sourceTree = "<group>"; };
		965A7CCF152A2A78002E7459 /* UIE_Slider_Puzzle--slider.jpg */ = {isa = PBXFileReference; lastKnownFileType = image.jpeg; path = "UIE_Slider_Puzzle--slider.jpg"; sourceTree = "<group>"; };
		9697A6FD152B4669000A20B3 /* libTestFlight.a */ = {isa = PBXFileReference; lastKnownFileType = archive.ar; path = libTestFlight.a; sourceTree = "<group>"; };
		9697A700152B4669000A20B3 /* TestFlight.h */ = {isa = PBXFileReference; fileEncoding = 4; lastKnownFileType = sourcecode.c.h; path = TestFlight.h; sourceTree = "<group>"; };
		9697A704152B468E000A20B3 /* SystemConfiguration.framework */ = {isa = PBXFileReference; lastKnownFileType = wrapper.framework; name = SystemConfiguration.framework; path = System/Library/Frameworks/SystemConfiguration.framework; sourceTree = SDKROOT; };
		9697A706152B46EF000A20B3 /* libz.dylib */ = {isa = PBXFileReference; lastKnownFileType = "compiled.mach-o.dylib"; name = libz.dylib; path = usr/lib/libz.dylib; sourceTree = SDKROOT; };
		9697A708152B480A000A20B3 /* Puzzle.entitlements */ = {isa = PBXFileReference; lastKnownFileType = text.xml; path = Puzzle.entitlements; sourceTree = "<group>"; };
/* End PBXFileReference section */

/* Begin PBXFrameworksBuildPhase section */
		965A7CA7152A1E20002E7459 /* Frameworks */ = {
			isa = PBXFrameworksBuildPhase;
			buildActionMask = 2147483647;
			files = (
				96198DDA15311504009222BF /* MobileCoreServices.framework in Frameworks */,
				9697A707152B46EF000A20B3 /* libz.dylib in Frameworks */,
				9697A705152B468E000A20B3 /* SystemConfiguration.framework in Frameworks */,
				965A7CAF152A1E20002E7459 /* UIKit.framework in Frameworks */,
				965A7CB1152A1E20002E7459 /* Foundation.framework in Frameworks */,
				965A7CB3152A1E20002E7459 /* CoreGraphics.framework in Frameworks */,
				9697A701152B4669000A20B3 /* libTestFlight.a in Frameworks */,
			);
			runOnlyForDeploymentPostprocessing = 0;
		};
/* End PBXFrameworksBuildPhase section */

/* Begin PBXGroup section */
		96198D8C15310AD9009222BF /* BlockAlertsAnd-ActionSheets */ = {
			isa = PBXGroup;
			children = (
				96198D9A15310B74009222BF /* images */,
				96198D9915310B24009222BF /* BlockUI.h */,
				96198D8D15310AF7009222BF /* BlockActionSheet.h */,
				96198D8E15310AF7009222BF /* BlockActionSheet.m */,
				96198D8F15310AF7009222BF /* BlockAlertView.h */,
				96198D9015310AF7009222BF /* BlockAlertView.m */,
				96198D9115310AF7009222BF /* BlockBackground.h */,
				96198D9215310AF7009222BF /* BlockBackground.m */,
				96198D9315310AF7009222BF /* BlockTextPromptAlertView.h */,
				96198D9415310AF7009222BF /* BlockTextPromptAlertView.m */,
			);
			name = "BlockAlertsAnd-ActionSheets";
			sourceTree = "<group>";
		};
		96198D9A15310B74009222BF /* images */ = {
			isa = PBXGroup;
			children = (
				96198D9B15310B74009222BF /* ActionSheet */,
				96198DAA15310B74009222BF /* AlertView */,
			);
			name = images;
			path = "Library/BlockAlertsAnd-ActionSheets/BlockAlertsDemo/images";
			sourceTree = "<group>";
		};
		96198D9B15310B74009222BF /* ActionSheet */ = {
			isa = PBXGroup;
			children = (
				96198D9C15310B74009222BF /* action-black-button-selected.png */,
				96198D9D15310B74009222BF /* action-black-button-selected@2x.png */,
				96198D9E15310B74009222BF /* action-black-button.png */,
				96198D9F15310B74009222BF /* action-black-button@2x.png */,
				96198DA015310B74009222BF /* action-gray-button-selected.png */,
				96198DA115310B74009222BF /* action-gray-button-selected@2x.png */,
				96198DA215310B74009222BF /* action-gray-button.png */,
				96198DA315310B74009222BF /* action-gray-button@2x.png */,
				96198DA415310B74009222BF /* action-red-button-selected.png */,
				96198DA515310B74009222BF /* action-red-button-selected@2x.png */,
				96198DA615310B74009222BF /* action-red-button.png */,
				96198DA715310B74009222BF /* action-red-button@2x.png */,
				96198DA815310B74009222BF /* action-sheet-panel.png */,
				96198DA915310B74009222BF /* action-sheet-panel@2x.png */,
			);
			path = ActionSheet;
			sourceTree = "<group>";
		};
		96198DAA15310B74009222BF /* AlertView */ = {
			isa = PBXGroup;
			children = (
				96198DAB15310B74009222BF /* alert-black-button.png */,
				96198DAC15310B74009222BF /* alert-black-button@2x.png */,
				96198DAD15310B74009222BF /* alert-gray-button.png */,
				96198DAE15310B74009222BF /* alert-gray-button@2x.png */,
				96198DAF15310B74009222BF /* alert-red-button.png */,
				96198DB015310B74009222BF /* alert-red-button@2x.png */,
				96198DB115310B74009222BF /* alert-window.png */,
				96198DB215310B74009222BF /* alert-window@2x.png */,
			);
			path = AlertView;
			sourceTree = "<group>";
		};
		965A7C9F152A1E20002E7459 = {
			isa = PBXGroup;
			children = (
				9697A6FA152B4652000A20B3 /* Library */,
				965A7CCD152A2A68002E7459 /* Asset */,
				965A7CB4152A1E20002E7459 /* Puzzle */,
				965A7CAD152A1E20002E7459 /* Frameworks */,
				965A7CAB152A1E20002E7459 /* Products */,
			);
			sourceTree = "<group>";
		};
		965A7CAB152A1E20002E7459 /* Products */ = {
			isa = PBXGroup;
			children = (
				965A7CAA152A1E20002E7459 /* Puzzle.app */,
			);
			name = Products;
			sourceTree = "<group>";
		};
		965A7CAD152A1E20002E7459 /* Frameworks */ = {
			isa = PBXGroup;
			children = (
				96198DD915311503009222BF /* MobileCoreServices.framework */,
				965A7CB2152A1E20002E7459 /* CoreGraphics.framework */,
				965A7CB0152A1E20002E7459 /* Foundation.framework */,
				9697A706152B46EF000A20B3 /* libz.dylib */,
				9697A704152B468E000A20B3 /* SystemConfiguration.framework */,
				965A7CAE152A1E20002E7459 /* UIKit.framework */,
			);
			name = Frameworks;
			sourceTree = "<group>";
		};
		965A7CB4152A1E20002E7459 /* Puzzle */ = {
			isa = PBXGroup;
			children = (
				965A7CBD152A1E21002E7459 /* AppDelegate.h */,
				965A7CBE152A1E21002E7459 /* AppDelegate.m */,
				965A7CB5152A1E20002E7459 /* Supporting Files */,
				965A7CC5152A1E4F002E7459 /* RootViewController.h */,
				965A7CC6152A1E4F002E7459 /* RootViewController.m */,
				965A7CC7152A1E4F002E7459 /* RootViewController.xib */,
				965A7CCA152A1EBF002E7459 /* BlockView.h */,
				965A7CCB152A1EBF002E7459 /* BlockView.m */,
				96198D8415310737009222BF /* PuzzleOptionManager.h */,
				96198D8515310737009222BF /* PuzzleOptionManager.m */,
			);
			path = Puzzle;
			sourceTree = "<group>";
		};
		965A7CB5152A1E20002E7459 /* Supporting Files */ = {
			isa = PBXGroup;
			children = (
				9697A708152B480A000A20B3 /* Puzzle.entitlements */,
				965A7CB6152A1E20002E7459 /* Puzzle-Info.plist */,
				965A7CB7152A1E20002E7459 /* InfoPlist.strings */,
				965A7CBA152A1E20002E7459 /* main.m */,
				965A7CBC152A1E20002E7459 /* Puzzle-Prefix.pch */,
			);
			name = "Supporting Files";
			sourceTree = "<group>";
		};
		965A7CCD152A2A68002E7459 /* Asset */ = {
			isa = PBXGroup;
			children = (
				965A7CCE152A2A78002E7459 /* UIE_Slider_Puzzle--globe.jpg */,
				965A7CCF152A2A78002E7459 /* UIE_Slider_Puzzle--slider.jpg */,
			);
			name = Asset;
			sourceTree = "<group>";
		};
		9697A6FA152B4652000A20B3 /* Library */ = {
			isa = PBXGroup;
			children = (
				96198D8C15310AD9009222BF /* BlockAlertsAnd-ActionSheets */,
				9697A6FC152B4669000A20B3 /* TestFlight-SDK */,
			);
			name = Library;
			sourceTree = "<group>";
		};
		9697A6FC152B4669000A20B3 /* TestFlight-SDK */ = {
			isa = PBXGroup;
			children = (
				9697A6FD152B4669000A20B3 /* libTestFlight.a */,
				9697A700152B4669000A20B3 /* TestFlight.h */,
			);
			name = "TestFlight-SDK";
			path = "Library/TestFlight-SDK";
			sourceTree = "<group>";
		};
/* End PBXGroup section */

/* Begin PBXNativeTarget section */
		965A7CA9152A1E20002E7459 /* Puzzle */ = {
			isa = PBXNativeTarget;
			buildConfigurationList = 965A7CC2152A1E21002E7459 /* Build configuration list for PBXNativeTarget "Puzzle" */;
			buildPhases = (
				965A7CA6152A1E20002E7459 /* Sources */,
				965A7CA7152A1E20002E7459 /* Frameworks */,
				965A7CA8152A1E20002E7459 /* Resources */,
			);
			buildRules = (
			);
			dependencies = (
			);
			name = Puzzle;
			productName = Puzzle;
			productReference = 965A7CAA152A1E20002E7459 /* Puzzle.app */;
			productType = "com.apple.product-type.application";
		};
/* End PBXNativeTarget section */

/* Begin PBXProject section */
		965A7CA1152A1E20002E7459 /* Project object */ = {
			isa = PBXProject;
			attributes = {
				LastUpgradeCheck = 0430;
				ORGANIZATIONNAME = "jtg2078@hotmail.com";
			};
			buildConfigurationList = 965A7CA4152A1E20002E7459 /* Build configuration list for PBXProject "Puzzle" */;
			compatibilityVersion = "Xcode 3.2";
			developmentRegion = English;
			hasScannedForEncodings = 0;
			knownRegions = (
				en,
			);
			mainGroup = 965A7C9F152A1E20002E7459;
			productRefGroup = 965A7CAB152A1E20002E7459 /* Products */;
			projectDirPath = "";
			projectRoot = "";
			targets = (
				965A7CA9152A1E20002E7459 /* Puzzle */,
			);
		};
/* End PBXProject section */

/* Begin PBXResourcesBuildPhase section */
		965A7CA8152A1E20002E7459 /* Resources */ = {
			isa = PBXResourcesBuildPhase;
			buildActionMask = 2147483647;
			files = (
				965A7CB9152A1E20002E7459 /* InfoPlist.strings in Resources */,
				965A7CC9152A1E4F002E7459 /* RootViewController.xib in Resources */,
				965A7CD0152A2A78002E7459 /* UIE_Slider_Puzzle--globe.jpg in Resources */,
				965A7CD1152A2A78002E7459 /* UIE_Slider_Puzzle--slider.jpg in Resources */,
				96198DB915310B74009222BF /* action-black-button-selected.png in Resources */,
				96198DBA15310B74009222BF /* action-black-button-selected@2x.png in Resources */,
				96198DBB15310B74009222BF /* action-black-button.png in Resources */,
				96198DBC15310B74009222BF /* action-black-button@2x.png in Resources */,
				96198DBD15310B74009222BF /* action-gray-button-selected.png in Resources */,
				96198DBE15310B74009222BF /* action-gray-button-selected@2x.png in Resources */,
				96198DBF15310B74009222BF /* action-gray-button.png in Resources */,
				96198DC015310B74009222BF /* action-gray-button@2x.png in Resources */,
				96198DC115310B74009222BF /* action-red-button-selected.png in Resources */,
				96198DC215310B74009222BF /* action-red-button-selected@2x.png in Resources */,
				96198DC315310B74009222BF /* action-red-button.png in Resources */,
				96198DC415310B74009222BF /* action-red-button@2x.png in Resources */,
				96198DC515310B74009222BF /* action-sheet-panel.png in Resources */,
				96198DC615310B74009222BF /* action-sheet-panel@2x.png in Resources */,
				96198DC715310B74009222BF /* alert-black-button.png in Resources */,
				96198DC815310B74009222BF /* alert-black-button@2x.png in Resources */,
				96198DC915310B74009222BF /* alert-gray-button.png in Resources */,
				96198DCA15310B74009222BF /* alert-gray-button@2x.png in Resources */,
				96198DCB15310B74009222BF /* alert-red-button.png in Resources */,
				96198DCC15310B74009222BF /* alert-red-button@2x.png in Resources */,
				96198DCD15310B74009222BF /* alert-window.png in Resources */,
				96198DCE15310B74009222BF /* alert-window@2x.png in Resources */,
			);
			runOnlyForDeploymentPostprocessing = 0;
		};
/* End PBXResourcesBuildPhase section */

/* Begin PBXSourcesBuildPhase section */
		965A7CA6152A1E20002E7459 /* Sources */ = {
			isa = PBXSourcesBuildPhase;
			buildActionMask = 2147483647;
			files = (
				965A7CBB152A1E20002E7459 /* main.m in Sources */,
				965A7CBF152A1E21002E7459 /* AppDelegate.m in Sources */,
				965A7CC8152A1E4F002E7459 /* RootViewController.m in Sources */,
				965A7CCC152A1EBF002E7459 /* BlockView.m in Sources */,
				96198D8615310737009222BF /* PuzzleOptionManager.m in Sources */,
				96198D9515310AF7009222BF /* BlockActionSheet.m in Sources */,
				96198D9615310AF7009222BF /* BlockAlertView.m in Sources */,
				96198D9715310AF7009222BF /* BlockBackground.m in Sources */,
				96198D9815310AF7009222BF /* BlockTextPromptAlertView.m in Sources */,
			);
			runOnlyForDeploymentPostprocessing = 0;
		};
/* End PBXSourcesBuildPhase section */

/* Begin PBXVariantGroup section */
		965A7CB7152A1E20002E7459 /* InfoPlist.strings */ = {
			isa = PBXVariantGroup;
			children = (
				965A7CB8152A1E20002E7459 /* en */,
			);
			name = InfoPlist.strings;
			sourceTree = "<group>";
		};
/* End PBXVariantGroup section */

/* Begin XCBuildConfiguration section */
		965A7CC0152A1E21002E7459 /* Debug */ = {
			isa = XCBuildConfiguration;
			buildSettings = {
				ALWAYS_SEARCH_USER_PATHS = NO;
				ARCHS = (
					armv6,
					armv7,
				);
				"CODE_SIGN_IDENTITY[sdk=iphoneos*]" = "iPhone Developer";
				COPY_PHASE_STRIP = NO;
				GCC_C_LANGUAGE_STANDARD = gnu99;
				GCC_DYNAMIC_NO_PIC = NO;
				GCC_OPTIMIZATION_LEVEL = 0;
				GCC_PREPROCESSOR_DEFINITIONS = (
					"DEBUG=1",
					"$(inherited)",
				);
				GCC_SYMBOLS_PRIVATE_EXTERN = NO;
				GCC_THUMB_SUPPORT = NO;
				GCC_VERSION = com.apple.compilers.llvm.clang.1_0;
				GCC_WARN_ABOUT_RETURN_TYPE = YES;
				GCC_WARN_UNINITIALIZED_AUTOS = YES;
				GCC_WARN_UNUSED_VARIABLE = YES;
				IPHONEOS_DEPLOYMENT_TARGET = 4.2;
				SDKROOT = iphoneos;
			};
			name = Debug;
		};
		965A7CC1152A1E21002E7459 /* Release */ = {
			isa = XCBuildConfiguration;
			buildSettings = {
				ALWAYS_SEARCH_USER_PATHS = NO;
				ARCHS = (
					armv6,
					armv7,
				);
				"CODE_SIGN_IDENTITY[sdk=iphoneos*]" = "iPhone Developer";
				COPY_PHASE_STRIP = YES;
				GCC_C_LANGUAGE_STANDARD = gnu99;
				GCC_THUMB_SUPPORT = NO;
				GCC_VERSION = com.apple.compilers.llvm.clang.1_0;
				GCC_WARN_ABOUT_RETURN_TYPE = YES;
				GCC_WARN_UNINITIALIZED_AUTOS = YES;
				GCC_WARN_UNUSED_VARIABLE = YES;
				IPHONEOS_DEPLOYMENT_TARGET = 4.2;
				OTHER_CFLAGS = "-DNS_BLOCK_ASSERTIONS=1";
				SDKROOT = iphoneos;
				VALIDATE_PRODUCT = YES;
			};
			name = Release;
		};
		965A7CC3152A1E21002E7459 /* Debug */ = {
			isa = XCBuildConfiguration;
			buildSettings = {
				CODE_SIGN_ENTITLEMENTS = "";
				GCC_PRECOMPILE_PREFIX_HEADER = YES;
				GCC_PREFIX_HEADER = "Puzzle/Puzzle-Prefix.pch";
				GCC_THUMB_SUPPORT = NO;
				INFOPLIST_FILE = "Puzzle/Puzzle-Info.plist";
				LIBRARY_SEARCH_PATHS = (
					"$(inherited)",
					"\"$(SRCROOT)/Library/TestFlight-SDK\"",
				);
				PRODUCT_NAME = "$(TARGET_NAME)";
				WRAPPER_EXTENSION = app;
			};
			name = Debug;
		};
		965A7CC4152A1E21002E7459 /* Release */ = {
			isa = XCBuildConfiguration;
			buildSettings = {
				CODE_SIGN_ENTITLEMENTS = "";
				GCC_PRECOMPILE_PREFIX_HEADER = YES;
				GCC_PREFIX_HEADER = "Puzzle/Puzzle-Prefix.pch";
				GCC_THUMB_SUPPORT = NO;
				INFOPLIST_FILE = "Puzzle/Puzzle-Info.plist";
				LIBRARY_SEARCH_PATHS = (
					"$(inherited)",
					"\"$(SRCROOT)/Library/TestFlight-SDK\"",
				);
				PRODUCT_NAME = "$(TARGET_NAME)";
				WRAPPER_EXTENSION = app;
			};
			name = Release;
		};
		9697A709152B4875000A20B3 /* Ad hoc */ = {
			isa = XCBuildConfiguration;
			buildSettings = {
				ALWAYS_SEARCH_USER_PATHS = NO;
				ARCHS = (
					armv6,
					armv7,
				);
				"CODE_SIGN_IDENTITY[sdk=iphoneos*]" = "iPhone Developer";
				COPY_PHASE_STRIP = YES;
				GCC_C_LANGUAGE_STANDARD = gnu99;
				GCC_THUMB_SUPPORT = NO;
				GCC_VERSION = com.apple.compilers.llvm.clang.1_0;
				GCC_WARN_ABOUT_RETURN_TYPE = YES;
				GCC_WARN_UNINITIALIZED_AUTOS = YES;
				GCC_WARN_UNUSED_VARIABLE = YES;
				IPHONEOS_DEPLOYMENT_TARGET = 4.2;
				OTHER_CFLAGS = "-DNS_BLOCK_ASSERTIONS=1";
				SDKROOT = iphoneos;
				VALIDATE_PRODUCT = YES;
			};
			name = "Ad hoc";
		};
		9697A70A152B4875000A20B3 /* Ad hoc */ = {
			isa = XCBuildConfiguration;
			buildSettings = {
				CODE_SIGN_ENTITLEMENTS = Puzzle/Puzzle.entitlements;
				COPY_PHASE_STRIP = NO;
				GCC_PRECOMPILE_PREFIX_HEADER = YES;
				GCC_PREFIX_HEADER = "Puzzle/Puzzle-Prefix.pch";
				GCC_THUMB_SUPPORT = NO;
				INFOPLIST_FILE = "Puzzle/Puzzle-Info.plist";
				LIBRARY_SEARCH_PATHS = (
					"$(inherited)",
					"\"$(SRCROOT)/Library/TestFlight-SDK\"",
				);
				PRODUCT_NAME = "$(TARGET_NAME)";
				WRAPPER_EXTENSION = app;
			};
			name = "Ad hoc";
		};
/* End XCBuildConfiguration section */

/* Begin XCConfigurationList section */
		965A7CA4152A1E20002E7459 /* Build configuration list for PBXProject "Puzzle" */ = {
			isa = XCConfigurationList;
			buildConfigurations = (
				965A7CC0152A1E21002E7459 /* Debug */,
				965A7CC1152A1E21002E7459 /* Release */,
				9697A709152B4875000A20B3 /* Ad hoc */,
			);
			defaultConfigurationIsVisible = 0;
			defaultConfigurationName = Release;
		};
		965A7CC2152A1E21002E7459 /* Build configuration list for PBXNativeTarget "Puzzle" */ = {
			isa = XCConfigurationList;
			buildConfigurations = (
				965A7CC3152A1E21002E7459 /* Debug */,
				965A7CC4152A1E21002E7459 /* Release */,
				9697A70A152B4875000A20B3 /* Ad hoc */,
			);
			defaultConfigurationIsVisible = 0;
			defaultConfigurationName = Release;
		};
/* End XCConfigurationList section */
	};
	rootObject = 965A7CA1152A1E20002E7459 /* Project object */;
}
